
Microsoft Visual Studio Solution File, Format Version 12.00
# Visual Studio Version 16
VisualStudioVersion = 16.0.31205.134
MinimumVisualStudioVersion = 10.0.40219.1
Project("{9A19103F-16F7-4668-BE54-9A1E7A4F7556}") = "HiddenVilla_Server", "HiddenVilla_Server\HiddenVilla_Server.csproj", "{764490D7-9433-4379-BD8C-7073BFD1ACD0}"
EndProject
Global
	GlobalSection(SolutionConfigurationPlatforms) = preSolution
		Debug|Any CPU = Debug|Any CPU
		Release|Any CPU = Release|Any CPU
	EndGlobalSection
	GlobalSection(ProjectConfigurationPlatforms) = postSolution
		{764490D7-9433-4379-BD8C-7073BFD1ACD0}.Debug|Any CPU.ActiveCfg = Debug|Any CPU
		{764490D7-9433-4379-BD8C-7073BFD1ACD0}.Debug|Any CPU.Build.0 = Debug|Any CPU
		{764490D7-9433-4379-BD8C-7073BFD1ACD0}.Release|Any CPU.ActiveCfg = Release|Any CPU
		{764490D7-9433-4379-BD8C-7073BFD1ACD0}.Release|Any CPU.Build.0 = Release|Any CPU
	EndGlobalSection
	GlobalSection(SolutionProperties) = preSolution
		HideSolutionNode = FALSE
	EndGlobalSection
	GlobalSection(ExtensibilityGlobals) = postSolution
		SolutionGuid = {B9FD92A4-BA29-40B0-8B72-F5F79C7B7872}
	EndGlobalSection
EndGlobal
